PODS:
  - FHHFPSIndicator (1.0.0)
  - KVOController (1.2.0)
  - Masonry (1.0.2)
  - RongCloudIM/IMKit (2.8.15):
    - RongCloudIM/IMLib
  - RongCloudIM/IMLib (2.8.15)
  - SVProgressHUD (2.1.2)

DEPENDENCIES:
  - FHHFPSIndicator
  - KVOController
  - Masonry
  - RongCloudIM/IMKit
  - RongCloudIM/IMLib
  - SVProgressHUD

SPEC CHECKSUMS:
  FHHFPSIndicator: b4d34c3a93b702ad18358a4eb49839f83f4f30fb
  KVOController: d72ace34afea42468329623b3379ab3cd1d286b6
  Masonry: 7c429b56da9d4ee0bbb3ed77a5ea710d6a5df39e
  RongCloudIM: 1c034a33ab37c550f46f099008f43dba694ff858
  SVProgressHUD: c404a55d78acbeb7ebb78b76d3faf986475a6994

PODFILE CHECKSUM: 35b0367b7b24e82581bc6211fd228250ae75ac7f

COCOAPODS: 1.2.1
